
Microsoft Visual Studio Solution File, Format Version 12.00
# Visual Studio Version 17
VisualStudioVersion = 17.3.32819.101
MinimumVisualStudioVersion = 10.0.40219.1
Project("{FAE04EC0-301F-11D3-BF4B-00C04F79EFBC}") = "SP_HW_Modul_04_cast__02", "SP_HW_Modul_04_cast__02\SP_HW_Modul_04_cast__02.csproj", "{F8F16D74-46BE-44DA-A409-04C276E18BC2}"
EndProject
Global
	GlobalSection(SolutionConfigurationPlatforms) = preSolution
		Debug|Any CPU = Debug|Any CPU
		Release|Any CPU = Release|Any CPU
	EndGlobalSection
	GlobalSection(ProjectConfigurationPlatforms) = postSolution
		{F8F16D74-46BE-44DA-A409-04C276E18BC2}.Debug|Any CPU.ActiveCfg = Debug|Any CPU
		{F8F16D74-46BE-44DA-A409-04C276E18BC2}.Debug|Any CPU.Build.0 = Debug|Any CPU
		{F8F16D74-46BE-44DA-A409-04C276E18BC2}.Release|Any CPU.ActiveCfg = Release|Any CPU
		{F8F16D74-46BE-44DA-A409-04C276E18BC2}.Release|Any CPU.Build.0 = Release|Any CPU
	EndGlobalSection
	GlobalSection(SolutionProperties) = preSolution
		HideSolutionNode = FALSE
	EndGlobalSection
	GlobalSection(ExtensibilityGlobals) = postSolution
		SolutionGuid = {CC374053-C80C-475C-914F-55427F8498E6}
	EndGlobalSection
EndGlobal
